
Microsoft Visual Studio Solution File, Format Version 10.00
# Visual C++ Express 2008
Project("{8BC9CEB8-8B4A-11D0-8D11-00A0C91BC942}") = "maid2_vs2008", "source\maid2_vs2008.vcproj", "{B80AC4DE-9464-4D83-8E4A-ADFDA820007F}"
EndProject
Project("{8BC9CEB8-8B4A-11D0-8D11-00A0C91BC942}") = "0010stringtest", "sample\0010stringtest\stringtest.vcproj", "{EC789C62-BB0C-4629-8A3A-C2FCC3ABC0C6}"
	ProjectSection(ProjectDependencies) = postProject
		{B80AC4DE-9464-4D83-8E4A-ADFDA820007F} = {B80AC4DE-9464-4D83-8E4A-ADFDA820007F}
	EndProjectSection
EndProject
Project("{8BC9CEB8-8B4A-11D0-8D11-00A0C91BC942}") = "0020debug", "sample\0020debug\debug.vcproj", "{B4AF7CF4-A389-4DF0-9F64-F4A6F5CC17F1}"
	ProjectSection(ProjectDependencies) = postProject
		{B80AC4DE-9464-4D83-8E4A-ADFDA820007F} = {B80AC4DE-9464-4D83-8E4A-ADFDA820007F}
	EndProjectSection
EndProject
Project("{8BC9CEB8-8B4A-11D0-8D11-00A0C91BC942}") = "0030fileio", "sample\0030fileio\fileio.vcproj", "{207A8AD7-8282-42C8-9451-74E6BD77B172}"
	ProjectSection(ProjectDependencies) = postProject
		{B80AC4DE-9464-4D83-8E4A-ADFDA820007F} = {B80AC4DE-9464-4D83-8E4A-ADFDA820007F}
	EndProjectSection
EndProject
Project("{8BC9CEB8-8B4A-11D0-8D11-00A0C91BC942}") = "0040framework", "sample\0040framework\framework.vcproj", "{4A9B2297-87AE-40DA-BB7B-62F8D79043BB}"
	ProjectSection(ProjectDependencies) = postProject
		{B80AC4DE-9464-4D83-8E4A-ADFDA820007F} = {B80AC4DE-9464-4D83-8E4A-ADFDA820007F}
	EndProjectSection
EndProject
Project("{8BC9CEB8-8B4A-11D0-8D11-00A0C91BC942}") = "0050gameframework", "sample\0050gameframework\0050gameframework.vcproj", "{B1AC1DBC-1C4E-492C-A680-FACB49139515}"
	ProjectSection(ProjectDependencies) = postProject
		{B80AC4DE-9464-4D83-8E4A-ADFDA820007F} = {B80AC4DE-9464-4D83-8E4A-ADFDA820007F}
	EndProjectSection
EndProject
Project("{8BC9CEB8-8B4A-11D0-8D11-00A0C91BC942}") = "0060Fill2D", "sample\0060Fill2D\0060Fill2D.vcproj", "{BE3091F8-D69D-426B-A021-83A56E43635F}"
	ProjectSection(ProjectDependencies) = postProject
		{B80AC4DE-9464-4D83-8E4A-ADFDA820007F} = {B80AC4DE-9464-4D83-8E4A-ADFDA820007F}
	EndProjectSection
EndProject
Project("{8BC9CEB8-8B4A-11D0-8D11-00A0C91BC942}") = "0070bltsprite", "sample\0070bltsprite\0070bltsprite.vcproj", "{5BBC7195-270E-4E12-9750-4D4F487FE393}"
	ProjectSection(ProjectDependencies) = postProject
		{B80AC4DE-9464-4D83-8E4A-ADFDA820007F} = {B80AC4DE-9464-4D83-8E4A-ADFDA820007F}
	EndProjectSection
EndProject
Project("{8BC9CEB8-8B4A-11D0-8D11-00A0C91BC942}") = "0080drawtext", "sample\0080drawtext\0080drawtext.vcproj", "{C832A320-53DB-4DCD-867F-62E1D9FA0315}"
	ProjectSection(ProjectDependencies) = postProject
		{B80AC4DE-9464-4D83-8E4A-ADFDA820007F} = {B80AC4DE-9464-4D83-8E4A-ADFDA820007F}
	EndProjectSection
EndProject
Project("{8BC9CEB8-8B4A-11D0-8D11-00A0C91BC942}") = "0090scenesample", "sample\0090scenesample\0090scenesample.vcproj", "{73999978-E15A-44AE-811E-2F71FEF7E13E}"
	ProjectSection(ProjectDependencies) = postProject
		{B80AC4DE-9464-4D83-8E4A-ADFDA820007F} = {B80AC4DE-9464-4D83-8E4A-ADFDA820007F}
	EndProjectSection
EndProject
Project("{8BC9CEB8-8B4A-11D0-8D11-00A0C91BC942}") = "0100inputtest", "sample\0100inputtest\0100inputtest.vcproj", "{0F81FDF1-AA0E-4A8A-9C21-0D8BDF77B4E1}"
	ProjectSection(ProjectDependencies) = postProject
		{B80AC4DE-9464-4D83-8E4A-ADFDA820007F} = {B80AC4DE-9464-4D83-8E4A-ADFDA820007F}
	EndProjectSection
EndProject
Project("{8BC9CEB8-8B4A-11D0-8D11-00A0C91BC942}") = "0110soundtest", "sample\0110soundtest\0110soundtest.vcproj", "{96CC9278-A4BD-4810-A6BA-CA5BA063D03B}"
	ProjectSection(ProjectDependencies) = postProject
		{B80AC4DE-9464-4D83-8E4A-ADFDA820007F} = {B80AC4DE-9464-4D83-8E4A-ADFDA820007F}
	EndProjectSection
EndProject
Project("{8BC9CEB8-8B4A-11D0-8D11-00A0C91BC942}") = "0120screenchange", "sample\0120screenchange\0120screenchange.vcproj", "{45579860-B049-47C2-A448-0B4834CE4463}"
	ProjectSection(ProjectDependencies) = postProject
		{B80AC4DE-9464-4D83-8E4A-ADFDA820007F} = {B80AC4DE-9464-4D83-8E4A-ADFDA820007F}
	EndProjectSection
EndProject
Project("{8BC9CEB8-8B4A-11D0-8D11-00A0C91BC942}") = "0130guitest", "sample\0130guitest\0130guitest.vcproj", "{92396B09-B616-4A97-B67A-1544E36164C0}"
	ProjectSection(ProjectDependencies) = postProject
		{B80AC4DE-9464-4D83-8E4A-ADFDA820007F} = {B80AC4DE-9464-4D83-8E4A-ADFDA820007F}
	EndProjectSection
EndProject
Project("{8BC9CEB8-8B4A-11D0-8D11-00A0C91BC942}") = "0140gamesound", "sample\0140gamesound\0140gamesound.vcproj", "{E1D9A7BF-A220-4DEA-A327-F4F217EEB083}"
	ProjectSection(ProjectDependencies) = postProject
		{B80AC4DE-9464-4D83-8E4A-ADFDA820007F} = {B80AC4DE-9464-4D83-8E4A-ADFDA820007F}
	EndProjectSection
EndProject
Project("{8BC9CEB8-8B4A-11D0-8D11-00A0C91BC942}") = "0150collision", "sample\0150collision\0150collision.vcproj", "{0E06C7C3-795C-4856-AEB2-77CA96976299}"
EndProject
Global
	GlobalSection(SolutionConfigurationPlatforms) = preSolution
		Debug|Win32 = Debug|Win32
		Release|Win32 = Release|Win32
		好き勝手設定|Win32 = 好き勝手設定|Win32
	EndGlobalSection
	GlobalSection(ProjectConfigurationPlatforms) = postSolution
		{B80AC4DE-9464-4D83-8E4A-ADFDA820007F}.Debug|Win32.ActiveCfg = Debug|Win32
		{B80AC4DE-9464-4D83-8E4A-ADFDA820007F}.Debug|Win32.Build.0 = Debug|Win32
		{B80AC4DE-9464-4D83-8E4A-ADFDA820007F}.Release|Win32.ActiveCfg = Release|Win32
		{B80AC4DE-9464-4D83-8E4A-ADFDA820007F}.Release|Win32.Build.0 = Release|Win32
		{B80AC4DE-9464-4D83-8E4A-ADFDA820007F}.好き勝手設定|Win32.ActiveCfg = Release|Win32
		{B80AC4DE-9464-4D83-8E4A-ADFDA820007F}.好き勝手設定|Win32.Build.0 = Release|Win32
		{EC789C62-BB0C-4629-8A3A-C2FCC3ABC0C6}.Debug|Win32.ActiveCfg = Debug|Win32
		{EC789C62-BB0C-4629-8A3A-C2FCC3ABC0C6}.Debug|Win32.Build.0 = Debug|Win32
		{EC789C62-BB0C-4629-8A3A-C2FCC3ABC0C6}.Release|Win32.ActiveCfg = Release|Win32
		{EC789C62-BB0C-4629-8A3A-C2FCC3ABC0C6}.Release|Win32.Build.0 = Release|Win32
		{EC789C62-BB0C-4629-8A3A-C2FCC3ABC0C6}.好き勝手設定|Win32.ActiveCfg = Debug|Win32
		{B4AF7CF4-A389-4DF0-9F64-F4A6F5CC17F1}.Debug|Win32.ActiveCfg = Debug|Win32
		{B4AF7CF4-A389-4DF0-9F64-F4A6F5CC17F1}.Debug|Win32.Build.0 = Debug|Win32
		{B4AF7CF4-A389-4DF0-9F64-F4A6F5CC17F1}.Release|Win32.ActiveCfg = Release|Win32
		{B4AF7CF4-A389-4DF0-9F64-F4A6F5CC17F1}.Release|Win32.Build.0 = Release|Win32
		{B4AF7CF4-A389-4DF0-9F64-F4A6F5CC17F1}.好き勝手設定|Win32.ActiveCfg = Debug|Win32
		{207A8AD7-8282-42C8-9451-74E6BD77B172}.Debug|Win32.ActiveCfg = Debug|Win32
		{207A8AD7-8282-42C8-9451-74E6BD77B172}.Debug|Win32.Build.0 = Debug|Win32
		{207A8AD7-8282-42C8-9451-74E6BD77B172}.Release|Win32.ActiveCfg = Release|Win32
		{207A8AD7-8282-42C8-9451-74E6BD77B172}.Release|Win32.Build.0 = Release|Win32
		{207A8AD7-8282-42C8-9451-74E6BD77B172}.好き勝手設定|Win32.ActiveCfg = Debug|Win32
		{4A9B2297-87AE-40DA-BB7B-62F8D79043BB}.Debug|Win32.ActiveCfg = Debug|Win32
		{4A9B2297-87AE-40DA-BB7B-62F8D79043BB}.Debug|Win32.Build.0 = Debug|Win32
		{4A9B2297-87AE-40DA-BB7B-62F8D79043BB}.Release|Win32.ActiveCfg = Release|Win32
		{4A9B2297-87AE-40DA-BB7B-62F8D79043BB}.Release|Win32.Build.0 = Release|Win32
		{4A9B2297-87AE-40DA-BB7B-62F8D79043BB}.好き勝手設定|Win32.ActiveCfg = Debug|Win32
		{B1AC1DBC-1C4E-492C-A680-FACB49139515}.Debug|Win32.ActiveCfg = Debug|Win32
		{B1AC1DBC-1C4E-492C-A680-FACB49139515}.Debug|Win32.Build.0 = Debug|Win32
		{B1AC1DBC-1C4E-492C-A680-FACB49139515}.Release|Win32.ActiveCfg = Release|Win32
		{B1AC1DBC-1C4E-492C-A680-FACB49139515}.Release|Win32.Build.0 = Release|Win32
		{B1AC1DBC-1C4E-492C-A680-FACB49139515}.好き勝手設定|Win32.ActiveCfg = Debug|Win32
		{BE3091F8-D69D-426B-A021-83A56E43635F}.Debug|Win32.ActiveCfg = Debug|Win32
		{BE3091F8-D69D-426B-A021-83A56E43635F}.Debug|Win32.Build.0 = Debug|Win32
		{BE3091F8-D69D-426B-A021-83A56E43635F}.Release|Win32.ActiveCfg = Release|Win32
		{BE3091F8-D69D-426B-A021-83A56E43635F}.Release|Win32.Build.0 = Release|Win32
		{BE3091F8-D69D-426B-A021-83A56E43635F}.好き勝手設定|Win32.ActiveCfg = Release|Win32
		{5BBC7195-270E-4E12-9750-4D4F487FE393}.Debug|Win32.ActiveCfg = Debug|Win32
		{5BBC7195-270E-4E12-9750-4D4F487FE393}.Debug|Win32.Build.0 = Debug|Win32
		{5BBC7195-270E-4E12-9750-4D4F487FE393}.Release|Win32.ActiveCfg = Release|Win32
		{5BBC7195-270E-4E12-9750-4D4F487FE393}.Release|Win32.Build.0 = Release|Win32
		{5BBC7195-270E-4E12-9750-4D4F487FE393}.好き勝手設定|Win32.ActiveCfg = Release|Win32
		{C832A320-53DB-4DCD-867F-62E1D9FA0315}.Debug|Win32.ActiveCfg = Debug|Win32
		{C832A320-53DB-4DCD-867F-62E1D9FA0315}.Debug|Win32.Build.0 = Debug|Win32
		{C832A320-53DB-4DCD-867F-62E1D9FA0315}.Release|Win32.ActiveCfg = Release|Win32
		{C832A320-53DB-4DCD-867F-62E1D9FA0315}.Release|Win32.Build.0 = Release|Win32
		{C832A320-53DB-4DCD-867F-62E1D9FA0315}.好き勝手設定|Win32.ActiveCfg = Release|Win32
		{73999978-E15A-44AE-811E-2F71FEF7E13E}.Debug|Win32.ActiveCfg = Debug|Win32
		{73999978-E15A-44AE-811E-2F71FEF7E13E}.Debug|Win32.Build.0 = Debug|Win32
		{73999978-E15A-44AE-811E-2F71FEF7E13E}.Release|Win32.ActiveCfg = Release|Win32
		{73999978-E15A-44AE-811E-2F71FEF7E13E}.Release|Win32.Build.0 = Release|Win32
		{73999978-E15A-44AE-811E-2F71FEF7E13E}.好き勝手設定|Win32.ActiveCfg = Release|Win32
		{73999978-E15A-44AE-811E-2F71FEF7E13E}.好き勝手設定|Win32.Build.0 = Release|Win32
		{0F81FDF1-AA0E-4A8A-9C21-0D8BDF77B4E1}.Debug|Win32.ActiveCfg = Debug|Win32
		{0F81FDF1-AA0E-4A8A-9C21-0D8BDF77B4E1}.Debug|Win32.Build.0 = Debug|Win32
		{0F81FDF1-AA0E-4A8A-9C21-0D8BDF77B4E1}.Release|Win32.ActiveCfg = Release|Win32
		{0F81FDF1-AA0E-4A8A-9C21-0D8BDF77B4E1}.Release|Win32.Build.0 = Release|Win32
		{0F81FDF1-AA0E-4A8A-9C21-0D8BDF77B4E1}.好き勝手設定|Win32.ActiveCfg = Debug|Win32
		{96CC9278-A4BD-4810-A6BA-CA5BA063D03B}.Debug|Win32.ActiveCfg = Debug|Win32
		{96CC9278-A4BD-4810-A6BA-CA5BA063D03B}.Debug|Win32.Build.0 = Debug|Win32
		{96CC9278-A4BD-4810-A6BA-CA5BA063D03B}.Release|Win32.ActiveCfg = Release|Win32
		{96CC9278-A4BD-4810-A6BA-CA5BA063D03B}.Release|Win32.Build.0 = Release|Win32
		{96CC9278-A4BD-4810-A6BA-CA5BA063D03B}.好き勝手設定|Win32.ActiveCfg = Debug|Win32
		{45579860-B049-47C2-A448-0B4834CE4463}.Debug|Win32.ActiveCfg = Debug|Win32
		{45579860-B049-47C2-A448-0B4834CE4463}.Debug|Win32.Build.0 = Debug|Win32
		{45579860-B049-47C2-A448-0B4834CE4463}.Release|Win32.ActiveCfg = Release|Win32
		{45579860-B049-47C2-A448-0B4834CE4463}.Release|Win32.Build.0 = Release|Win32
		{45579860-B049-47C2-A448-0B4834CE4463}.好き勝手設定|Win32.ActiveCfg = Release|Win32
		{45579860-B049-47C2-A448-0B4834CE4463}.好き勝手設定|Win32.Build.0 = Release|Win32
		{92396B09-B616-4A97-B67A-1544E36164C0}.Debug|Win32.ActiveCfg = Debug|Win32
		{92396B09-B616-4A97-B67A-1544E36164C0}.Debug|Win32.Build.0 = Debug|Win32
		{92396B09-B616-4A97-B67A-1544E36164C0}.Release|Win32.ActiveCfg = Release|Win32
		{92396B09-B616-4A97-B67A-1544E36164C0}.Release|Win32.Build.0 = Release|Win32
		{92396B09-B616-4A97-B67A-1544E36164C0}.好き勝手設定|Win32.ActiveCfg = Release|Win32
		{E1D9A7BF-A220-4DEA-A327-F4F217EEB083}.Debug|Win32.ActiveCfg = Debug|Win32
		{E1D9A7BF-A220-4DEA-A327-F4F217EEB083}.Debug|Win32.Build.0 = Debug|Win32
		{E1D9A7BF-A220-4DEA-A327-F4F217EEB083}.Release|Win32.ActiveCfg = Release|Win32
		{E1D9A7BF-A220-4DEA-A327-F4F217EEB083}.Release|Win32.Build.0 = Release|Win32
		{E1D9A7BF-A220-4DEA-A327-F4F217EEB083}.好き勝手設定|Win32.ActiveCfg = Release|Win32
		{0E06C7C3-795C-4856-AEB2-77CA96976299}.Debug|Win32.ActiveCfg = Debug|Win32
		{0E06C7C3-795C-4856-AEB2-77CA96976299}.Debug|Win32.Build.0 = Debug|Win32
		{0E06C7C3-795C-4856-AEB2-77CA96976299}.Release|Win32.ActiveCfg = Release|Win32
		{0E06C7C3-795C-4856-AEB2-77CA96976299}.Release|Win32.Build.0 = Release|Win32
		{0E06C7C3-795C-4856-AEB2-77CA96976299}.好き勝手設定|Win32.ActiveCfg = Debug|Win32
	EndGlobalSection
	GlobalSection(SolutionProperties) = preSolution
		HideSolutionNode = FALSE
	EndGlobalSection
EndGlobal
