
Microsoft Visual Studio Solution File, Format Version 10.00
# Visual C++ Express 2008
Project("{8BC9CEB8-8B4A-11D0-8D11-00A0C91BC942}") = "maid2_vs2008", "source\maid2_vs2008.vcproj", "{B80AC4DE-9464-4D83-8E4A-ADFDA820007F}"
	ProjectSection(ProjectDependencies) = postProject
		{6900D515-996A-404A-86BD-C5E31318B5AD} = {6900D515-996A-404A-86BD-C5E31318B5AD}
		{BCD9B71E-65D3-4E17-89C6-DED23F1724A5} = {BCD9B71E-65D3-4E17-89C6-DED23F1724A5}
		{0E1BD625-E36E-4438-B3BF-B6DA9FB1B8AA} = {0E1BD625-E36E-4438-B3BF-B6DA9FB1B8AA}
		{19885B5A-CB29-4639-9EDD-586C98AC2256} = {19885B5A-CB29-4639-9EDD-586C98AC2256}
		{DE726979-31CA-4851-99D3-8D5C9E722D66} = {DE726979-31CA-4851-99D3-8D5C9E722D66}
		{573BDC7B-EB4E-4105-8B48-A0C05D08A90A} = {573BDC7B-EB4E-4105-8B48-A0C05D08A90A}
		{D4A49B80-A95B-4F27-9766-5505B0CFBF25} = {D4A49B80-A95B-4F27-9766-5505B0CFBF25}
		{DABEA2A8-72AD-4532-82F3-C40BBED02FDF} = {DABEA2A8-72AD-4532-82F3-C40BBED02FDF}
		{8A0D95C1-C157-4CC6-81F1-1A06A25ABAD6} = {8A0D95C1-C157-4CC6-81F1-1A06A25ABAD6}
	EndProjectSection
EndProject
Project("{8BC9CEB8-8B4A-11D0-8D11-00A0C91BC942}") = "0010stringtest", "sample\0010stringtest\stringtest.vcproj", "{EC789C62-BB0C-4629-8A3A-C2FCC3ABC0C6}"
	ProjectSection(ProjectDependencies) = postProject
		{B80AC4DE-9464-4D83-8E4A-ADFDA820007F} = {B80AC4DE-9464-4D83-8E4A-ADFDA820007F}
	EndProjectSection
EndProject
Project("{8BC9CEB8-8B4A-11D0-8D11-00A0C91BC942}") = "0020debug", "sample\0020debug\debug.vcproj", "{B4AF7CF4-A389-4DF0-9F64-F4A6F5CC17F1}"
	ProjectSection(ProjectDependencies) = postProject
		{B80AC4DE-9464-4D83-8E4A-ADFDA820007F} = {B80AC4DE-9464-4D83-8E4A-ADFDA820007F}
	EndProjectSection
EndProject
Project("{8BC9CEB8-8B4A-11D0-8D11-00A0C91BC942}") = "0030fileio", "sample\0030fileio\fileio.vcproj", "{207A8AD7-8282-42C8-9451-74E6BD77B172}"
	ProjectSection(ProjectDependencies) = postProject
		{B80AC4DE-9464-4D83-8E4A-ADFDA820007F} = {B80AC4DE-9464-4D83-8E4A-ADFDA820007F}
	EndProjectSection
EndProject
Project("{8BC9CEB8-8B4A-11D0-8D11-00A0C91BC942}") = "0040framework", "sample\0040framework\framework.vcproj", "{4A9B2297-87AE-40DA-BB7B-62F8D79043BB}"
	ProjectSection(ProjectDependencies) = postProject
		{B80AC4DE-9464-4D83-8E4A-ADFDA820007F} = {B80AC4DE-9464-4D83-8E4A-ADFDA820007F}
	EndProjectSection
EndProject
Project("{8BC9CEB8-8B4A-11D0-8D11-00A0C91BC942}") = "0050gameframework", "sample\0050gameframework\0050gameframework.vcproj", "{B1AC1DBC-1C4E-492C-A680-FACB49139515}"
	ProjectSection(ProjectDependencies) = postProject
		{B80AC4DE-9464-4D83-8E4A-ADFDA820007F} = {B80AC4DE-9464-4D83-8E4A-ADFDA820007F}
	EndProjectSection
EndProject
Project("{8BC9CEB8-8B4A-11D0-8D11-00A0C91BC942}") = "0060Fill2D", "sample\0060Fill2D\0060Fill2D.vcproj", "{BE3091F8-D69D-426B-A021-83A56E43635F}"
	ProjectSection(ProjectDependencies) = postProject
		{B80AC4DE-9464-4D83-8E4A-ADFDA820007F} = {B80AC4DE-9464-4D83-8E4A-ADFDA820007F}
	EndProjectSection
EndProject
Project("{8BC9CEB8-8B4A-11D0-8D11-00A0C91BC942}") = "0070bltsprite", "sample\0070bltsprite\0070bltsprite.vcproj", "{5BBC7195-270E-4E12-9750-4D4F487FE393}"
	ProjectSection(ProjectDependencies) = postProject
		{B80AC4DE-9464-4D83-8E4A-ADFDA820007F} = {B80AC4DE-9464-4D83-8E4A-ADFDA820007F}
	EndProjectSection
EndProject
Project("{8BC9CEB8-8B4A-11D0-8D11-00A0C91BC942}") = "0080drawtext", "sample\0080drawtext\0080drawtext.vcproj", "{C832A320-53DB-4DCD-867F-62E1D9FA0315}"
	ProjectSection(ProjectDependencies) = postProject
		{B80AC4DE-9464-4D83-8E4A-ADFDA820007F} = {B80AC4DE-9464-4D83-8E4A-ADFDA820007F}
	EndProjectSection
EndProject
Project("{8BC9CEB8-8B4A-11D0-8D11-00A0C91BC942}") = "0090scenesample", "sample\0090scenesample\0090scenesample.vcproj", "{73999978-E15A-44AE-811E-2F71FEF7E13E}"
	ProjectSection(ProjectDependencies) = postProject
		{B80AC4DE-9464-4D83-8E4A-ADFDA820007F} = {B80AC4DE-9464-4D83-8E4A-ADFDA820007F}
	EndProjectSection
EndProject
Project("{8BC9CEB8-8B4A-11D0-8D11-00A0C91BC942}") = "0100inputtest", "sample\0100inputtest\0100inputtest.vcproj", "{0F81FDF1-AA0E-4A8A-9C21-0D8BDF77B4E1}"
	ProjectSection(ProjectDependencies) = postProject
		{B80AC4DE-9464-4D83-8E4A-ADFDA820007F} = {B80AC4DE-9464-4D83-8E4A-ADFDA820007F}
	EndProjectSection
EndProject
Project("{8BC9CEB8-8B4A-11D0-8D11-00A0C91BC942}") = "0110soundtest", "sample\0110soundtest\0110soundtest.vcproj", "{96CC9278-A4BD-4810-A6BA-CA5BA063D03B}"
	ProjectSection(ProjectDependencies) = postProject
		{B80AC4DE-9464-4D83-8E4A-ADFDA820007F} = {B80AC4DE-9464-4D83-8E4A-ADFDA820007F}
	EndProjectSection
EndProject
Project("{8BC9CEB8-8B4A-11D0-8D11-00A0C91BC942}") = "0120screenchange", "sample\0120screenchange\0120screenchange.vcproj", "{45579860-B049-47C2-A448-0B4834CE4463}"
	ProjectSection(ProjectDependencies) = postProject
		{B80AC4DE-9464-4D83-8E4A-ADFDA820007F} = {B80AC4DE-9464-4D83-8E4A-ADFDA820007F}
	EndProjectSection
EndProject
Project("{8BC9CEB8-8B4A-11D0-8D11-00A0C91BC942}") = "0130guitest", "sample\0130guitest\0130guitest.vcproj", "{92396B09-B616-4A97-B67A-1544E36164C0}"
	ProjectSection(ProjectDependencies) = postProject
		{B80AC4DE-9464-4D83-8E4A-ADFDA820007F} = {B80AC4DE-9464-4D83-8E4A-ADFDA820007F}
	EndProjectSection
EndProject
Project("{8BC9CEB8-8B4A-11D0-8D11-00A0C91BC942}") = "0140gamesound", "sample\0140gamesound\0140gamesound.vcproj", "{E1D9A7BF-A220-4DEA-A327-F4F217EEB083}"
	ProjectSection(ProjectDependencies) = postProject
		{B80AC4DE-9464-4D83-8E4A-ADFDA820007F} = {B80AC4DE-9464-4D83-8E4A-ADFDA820007F}
	EndProjectSection
EndProject
Project("{8BC9CEB8-8B4A-11D0-8D11-00A0C91BC942}") = "0150collision", "sample\0150collision\0150collision.vcproj", "{0E06C7C3-795C-4856-AEB2-77CA96976299}"
EndProject
Project("{8BC9CEB8-8B4A-11D0-8D11-00A0C91BC942}") = "0160blt3dmodel", "sample\0160blt3dmodel\0160blt3dmodel.vcproj", "{BCDC0C40-8494-4700-95B1-63032318F000}"
	ProjectSection(ProjectDependencies) = postProject
		{B80AC4DE-9464-4D83-8E4A-ADFDA820007F} = {B80AC4DE-9464-4D83-8E4A-ADFDA820007F}
	EndProjectSection
EndProject
Project("{8BC9CEB8-8B4A-11D0-8D11-00A0C91BC942}") = "import_babel", "source\import_babel.vcproj", "{BCD9B71E-65D3-4E17-89C6-DED23F1724A5}"
EndProject
Project("{8BC9CEB8-8B4A-11D0-8D11-00A0C91BC942}") = "import_libogg", "source\import_libogg.vcproj", "{8A0D95C1-C157-4CC6-81F1-1A06A25ABAD6}"
EndProject
Project("{8BC9CEB8-8B4A-11D0-8D11-00A0C91BC942}") = "import_libtheora", "source\import_libtheora.vcproj", "{19885B5A-CB29-4639-9EDD-586C98AC2256}"
	ProjectSection(ProjectDependencies) = postProject
		{8A0D95C1-C157-4CC6-81F1-1A06A25ABAD6} = {8A0D95C1-C157-4CC6-81F1-1A06A25ABAD6}
	EndProjectSection
EndProject
Project("{8BC9CEB8-8B4A-11D0-8D11-00A0C91BC942}") = "import_libvorbis", "source\import_libvorbis.vcproj", "{DE726979-31CA-4851-99D3-8D5C9E722D66}"
	ProjectSection(ProjectDependencies) = postProject
		{8A0D95C1-C157-4CC6-81F1-1A06A25ABAD6} = {8A0D95C1-C157-4CC6-81F1-1A06A25ABAD6}
	EndProjectSection
EndProject
Project("{8BC9CEB8-8B4A-11D0-8D11-00A0C91BC942}") = "import_lpng", "source\import_lpng.vcproj", "{0E1BD625-E36E-4438-B3BF-B6DA9FB1B8AA}"
	ProjectSection(ProjectDependencies) = postProject
		{DABEA2A8-72AD-4532-82F3-C40BBED02FDF} = {DABEA2A8-72AD-4532-82F3-C40BBED02FDF}
	EndProjectSection
EndProject
Project("{8BC9CEB8-8B4A-11D0-8D11-00A0C91BC942}") = "import_zlib", "source\import_zlib.vcproj", "{DABEA2A8-72AD-4532-82F3-C40BBED02FDF}"
EndProject
Project("{8BC9CEB8-8B4A-11D0-8D11-00A0C91BC942}") = "0170playtheora", "sample\0170playtheora\0170playtheora.vcproj", "{A2A9C0FE-4050-4AF7-AA97-B14F96B7D83F}"
	ProjectSection(ProjectDependencies) = postProject
		{B80AC4DE-9464-4D83-8E4A-ADFDA820007F} = {B80AC4DE-9464-4D83-8E4A-ADFDA820007F}
	EndProjectSection
EndProject
Project("{8BC9CEB8-8B4A-11D0-8D11-00A0C91BC942}") = "0180theoradump", "sample\0180theoradump\0180theoradump.vcproj", "{C186C6BD-962A-4EFC-9B2D-96A717AB0FCD}"
	ProjectSection(ProjectDependencies) = postProject
		{B80AC4DE-9464-4D83-8E4A-ADFDA820007F} = {B80AC4DE-9464-4D83-8E4A-ADFDA820007F}
	EndProjectSection
EndProject
Project("{8BC9CEB8-8B4A-11D0-8D11-00A0C91BC942}") = "import_ijg", "source\import_ijg.vcproj", "{573BDC7B-EB4E-4105-8B48-A0C05D08A90A}"
EndProject
Project("{8BC9CEB8-8B4A-11D0-8D11-00A0C91BC942}") = "0035xmlsample", "sample\0035xmlsample\0035xmlsample.vcproj", "{69A1ED4E-D745-4000-9381-27B1A6FF34B2}"
	ProjectSection(ProjectDependencies) = postProject
		{B80AC4DE-9464-4D83-8E4A-ADFDA820007F} = {B80AC4DE-9464-4D83-8E4A-ADFDA820007F}
	EndProjectSection
EndProject
Project("{8BC9CEB8-8B4A-11D0-8D11-00A0C91BC942}") = "0190graphicsconfigtest", "sample\0190graphicsconfigtest\0190graphicsconfigtest.vcproj", "{4AA3B366-930F-43CF-99D3-3DCE5AF74767}"
	ProjectSection(ProjectDependencies) = postProject
		{B80AC4DE-9464-4D83-8E4A-ADFDA820007F} = {B80AC4DE-9464-4D83-8E4A-ADFDA820007F}
	EndProjectSection
EndProject
Project("{8BC9CEB8-8B4A-11D0-8D11-00A0C91BC942}") = "0015regex", "sample\0015regex\0015regex.vcproj", "{2B0C20AF-2F03-4319-8738-8776E1DBABF2}"
	ProjectSection(ProjectDependencies) = postProject
		{B80AC4DE-9464-4D83-8E4A-ADFDA820007F} = {B80AC4DE-9464-4D83-8E4A-ADFDA820007F}
	EndProjectSection
EndProject
Project("{8BC9CEB8-8B4A-11D0-8D11-00A0C91BC942}") = "import_boost_regex", "source\import_boost_regex.vcproj", "{6900D515-996A-404A-86BD-C5E31318B5AD}"
EndProject
Project("{8BC9CEB8-8B4A-11D0-8D11-00A0C91BC942}") = "import_md5", "source\import_md5.vcproj", "{D4A49B80-A95B-4F27-9766-5505B0CFBF25}"
EndProject
Project("{8BC9CEB8-8B4A-11D0-8D11-00A0C91BC942}") = "02003dsprite", "sample\02003dsprite\02003dsprite.vcproj", "{A4708D6B-FD06-41EF-A143-D1FBBA1C767F}"
	ProjectSection(ProjectDependencies) = postProject
		{B80AC4DE-9464-4D83-8E4A-ADFDA820007F} = {B80AC4DE-9464-4D83-8E4A-ADFDA820007F}
	EndProjectSection
EndProject
Project("{8BC9CEB8-8B4A-11D0-8D11-00A0C91BC942}") = "0210screencaptuer", "sample\0210screencaptuer\0210screencaptuer.vcproj", "{DA9E1BB8-AEDA-4D71-BA01-2F1219E6FDFA}"
	ProjectSection(ProjectDependencies) = postProject
		{B80AC4DE-9464-4D83-8E4A-ADFDA820007F} = {B80AC4DE-9464-4D83-8E4A-ADFDA820007F}
	EndProjectSection
EndProject
Global
	GlobalSection(SolutionConfigurationPlatforms) = preSolution
		Debug|Win32 = Debug|Win32
		Release|Win32 = Release|Win32
		好き勝手設定debug|Win32 = 好き勝手設定debug|Win32
		好き勝手設定release|Win32 = 好き勝手設定release|Win32
	EndGlobalSection
	GlobalSection(ProjectConfigurationPlatforms) = postSolution
		{B80AC4DE-9464-4D83-8E4A-ADFDA820007F}.Debug|Win32.ActiveCfg = Debug|Win32
		{B80AC4DE-9464-4D83-8E4A-ADFDA820007F}.Debug|Win32.Build.0 = Debug|Win32
		{B80AC4DE-9464-4D83-8E4A-ADFDA820007F}.Release|Win32.ActiveCfg = Release|Win32
		{B80AC4DE-9464-4D83-8E4A-ADFDA820007F}.Release|Win32.Build.0 = Release|Win32
		{B80AC4DE-9464-4D83-8E4A-ADFDA820007F}.好き勝手設定debug|Win32.ActiveCfg = Debug|Win32
		{B80AC4DE-9464-4D83-8E4A-ADFDA820007F}.好き勝手設定debug|Win32.Build.0 = Debug|Win32
		{B80AC4DE-9464-4D83-8E4A-ADFDA820007F}.好き勝手設定release|Win32.ActiveCfg = Release|Win32
		{B80AC4DE-9464-4D83-8E4A-ADFDA820007F}.好き勝手設定release|Win32.Build.0 = Release|Win32
		{EC789C62-BB0C-4629-8A3A-C2FCC3ABC0C6}.Debug|Win32.ActiveCfg = Debug|Win32
		{EC789C62-BB0C-4629-8A3A-C2FCC3ABC0C6}.Debug|Win32.Build.0 = Debug|Win32
		{EC789C62-BB0C-4629-8A3A-C2FCC3ABC0C6}.Release|Win32.ActiveCfg = Release|Win32
		{EC789C62-BB0C-4629-8A3A-C2FCC3ABC0C6}.Release|Win32.Build.0 = Release|Win32
		{EC789C62-BB0C-4629-8A3A-C2FCC3ABC0C6}.好き勝手設定debug|Win32.ActiveCfg = Debug|Win32
		{EC789C62-BB0C-4629-8A3A-C2FCC3ABC0C6}.好き勝手設定release|Win32.ActiveCfg = Release|Win32
		{B4AF7CF4-A389-4DF0-9F64-F4A6F5CC17F1}.Debug|Win32.ActiveCfg = Debug|Win32
		{B4AF7CF4-A389-4DF0-9F64-F4A6F5CC17F1}.Debug|Win32.Build.0 = Debug|Win32
		{B4AF7CF4-A389-4DF0-9F64-F4A6F5CC17F1}.Release|Win32.ActiveCfg = Release|Win32
		{B4AF7CF4-A389-4DF0-9F64-F4A6F5CC17F1}.Release|Win32.Build.0 = Release|Win32
		{B4AF7CF4-A389-4DF0-9F64-F4A6F5CC17F1}.好き勝手設定debug|Win32.ActiveCfg = Debug|Win32
		{B4AF7CF4-A389-4DF0-9F64-F4A6F5CC17F1}.好き勝手設定release|Win32.ActiveCfg = Release|Win32
		{207A8AD7-8282-42C8-9451-74E6BD77B172}.Debug|Win32.ActiveCfg = Debug|Win32
		{207A8AD7-8282-42C8-9451-74E6BD77B172}.Debug|Win32.Build.0 = Debug|Win32
		{207A8AD7-8282-42C8-9451-74E6BD77B172}.Release|Win32.ActiveCfg = Release|Win32
		{207A8AD7-8282-42C8-9451-74E6BD77B172}.Release|Win32.Build.0 = Release|Win32
		{207A8AD7-8282-42C8-9451-74E6BD77B172}.好き勝手設定debug|Win32.ActiveCfg = Debug|Win32
		{207A8AD7-8282-42C8-9451-74E6BD77B172}.好き勝手設定release|Win32.ActiveCfg = Release|Win32
		{4A9B2297-87AE-40DA-BB7B-62F8D79043BB}.Debug|Win32.ActiveCfg = Debug|Win32
		{4A9B2297-87AE-40DA-BB7B-62F8D79043BB}.Debug|Win32.Build.0 = Debug|Win32
		{4A9B2297-87AE-40DA-BB7B-62F8D79043BB}.Release|Win32.ActiveCfg = Release|Win32
		{4A9B2297-87AE-40DA-BB7B-62F8D79043BB}.Release|Win32.Build.0 = Release|Win32
		{4A9B2297-87AE-40DA-BB7B-62F8D79043BB}.好き勝手設定debug|Win32.ActiveCfg = Debug|Win32
		{4A9B2297-87AE-40DA-BB7B-62F8D79043BB}.好き勝手設定release|Win32.ActiveCfg = Release|Win32
		{B1AC1DBC-1C4E-492C-A680-FACB49139515}.Debug|Win32.ActiveCfg = Debug|Win32
		{B1AC1DBC-1C4E-492C-A680-FACB49139515}.Debug|Win32.Build.0 = Debug|Win32
		{B1AC1DBC-1C4E-492C-A680-FACB49139515}.Release|Win32.ActiveCfg = Release|Win32
		{B1AC1DBC-1C4E-492C-A680-FACB49139515}.Release|Win32.Build.0 = Release|Win32
		{B1AC1DBC-1C4E-492C-A680-FACB49139515}.好き勝手設定debug|Win32.ActiveCfg = Debug|Win32
		{B1AC1DBC-1C4E-492C-A680-FACB49139515}.好き勝手設定release|Win32.ActiveCfg = Release|Win32
		{BE3091F8-D69D-426B-A021-83A56E43635F}.Debug|Win32.ActiveCfg = Debug|Win32
		{BE3091F8-D69D-426B-A021-83A56E43635F}.Debug|Win32.Build.0 = Debug|Win32
		{BE3091F8-D69D-426B-A021-83A56E43635F}.Release|Win32.ActiveCfg = Release|Win32
		{BE3091F8-D69D-426B-A021-83A56E43635F}.Release|Win32.Build.0 = Release|Win32
		{BE3091F8-D69D-426B-A021-83A56E43635F}.好き勝手設定debug|Win32.ActiveCfg = Debug|Win32
		{BE3091F8-D69D-426B-A021-83A56E43635F}.好き勝手設定release|Win32.ActiveCfg = Release|Win32
		{5BBC7195-270E-4E12-9750-4D4F487FE393}.Debug|Win32.ActiveCfg = Debug|Win32
		{5BBC7195-270E-4E12-9750-4D4F487FE393}.Debug|Win32.Build.0 = Debug|Win32
		{5BBC7195-270E-4E12-9750-4D4F487FE393}.Release|Win32.ActiveCfg = Release|Win32
		{5BBC7195-270E-4E12-9750-4D4F487FE393}.Release|Win32.Build.0 = Release|Win32
		{5BBC7195-270E-4E12-9750-4D4F487FE393}.好き勝手設定debug|Win32.ActiveCfg = Debug|Win32
		{5BBC7195-270E-4E12-9750-4D4F487FE393}.好き勝手設定release|Win32.ActiveCfg = Release|Win32
		{C832A320-53DB-4DCD-867F-62E1D9FA0315}.Debug|Win32.ActiveCfg = Debug|Win32
		{C832A320-53DB-4DCD-867F-62E1D9FA0315}.Debug|Win32.Build.0 = Debug|Win32
		{C832A320-53DB-4DCD-867F-62E1D9FA0315}.Release|Win32.ActiveCfg = Release|Win32
		{C832A320-53DB-4DCD-867F-62E1D9FA0315}.Release|Win32.Build.0 = Release|Win32
		{C832A320-53DB-4DCD-867F-62E1D9FA0315}.好き勝手設定debug|Win32.ActiveCfg = Debug|Win32
		{C832A320-53DB-4DCD-867F-62E1D9FA0315}.好き勝手設定debug|Win32.Build.0 = Debug|Win32
		{C832A320-53DB-4DCD-867F-62E1D9FA0315}.好き勝手設定release|Win32.ActiveCfg = Release|Win32
		{73999978-E15A-44AE-811E-2F71FEF7E13E}.Debug|Win32.ActiveCfg = Debug|Win32
		{73999978-E15A-44AE-811E-2F71FEF7E13E}.Debug|Win32.Build.0 = Debug|Win32
		{73999978-E15A-44AE-811E-2F71FEF7E13E}.Release|Win32.ActiveCfg = Release|Win32
		{73999978-E15A-44AE-811E-2F71FEF7E13E}.Release|Win32.Build.0 = Release|Win32
		{73999978-E15A-44AE-811E-2F71FEF7E13E}.好き勝手設定debug|Win32.ActiveCfg = Debug|Win32
		{73999978-E15A-44AE-811E-2F71FEF7E13E}.好き勝手設定release|Win32.ActiveCfg = Release|Win32
		{0F81FDF1-AA0E-4A8A-9C21-0D8BDF77B4E1}.Debug|Win32.ActiveCfg = Debug|Win32
		{0F81FDF1-AA0E-4A8A-9C21-0D8BDF77B4E1}.Debug|Win32.Build.0 = Debug|Win32
		{0F81FDF1-AA0E-4A8A-9C21-0D8BDF77B4E1}.Release|Win32.ActiveCfg = Release|Win32
		{0F81FDF1-AA0E-4A8A-9C21-0D8BDF77B4E1}.Release|Win32.Build.0 = Release|Win32
		{0F81FDF1-AA0E-4A8A-9C21-0D8BDF77B4E1}.好き勝手設定debug|Win32.ActiveCfg = Debug|Win32
		{0F81FDF1-AA0E-4A8A-9C21-0D8BDF77B4E1}.好き勝手設定release|Win32.ActiveCfg = Release|Win32
		{96CC9278-A4BD-4810-A6BA-CA5BA063D03B}.Debug|Win32.ActiveCfg = Debug|Win32
		{96CC9278-A4BD-4810-A6BA-CA5BA063D03B}.Debug|Win32.Build.0 = Debug|Win32
		{96CC9278-A4BD-4810-A6BA-CA5BA063D03B}.Release|Win32.ActiveCfg = Release|Win32
		{96CC9278-A4BD-4810-A6BA-CA5BA063D03B}.Release|Win32.Build.0 = Release|Win32
		{96CC9278-A4BD-4810-A6BA-CA5BA063D03B}.好き勝手設定debug|Win32.ActiveCfg = Debug|Win32
		{96CC9278-A4BD-4810-A6BA-CA5BA063D03B}.好き勝手設定release|Win32.ActiveCfg = Release|Win32
		{45579860-B049-47C2-A448-0B4834CE4463}.Debug|Win32.ActiveCfg = Debug|Win32
		{45579860-B049-47C2-A448-0B4834CE4463}.Debug|Win32.Build.0 = Debug|Win32
		{45579860-B049-47C2-A448-0B4834CE4463}.Release|Win32.ActiveCfg = Release|Win32
		{45579860-B049-47C2-A448-0B4834CE4463}.Release|Win32.Build.0 = Release|Win32
		{45579860-B049-47C2-A448-0B4834CE4463}.好き勝手設定debug|Win32.ActiveCfg = Debug|Win32
		{45579860-B049-47C2-A448-0B4834CE4463}.好き勝手設定release|Win32.ActiveCfg = Release|Win32
		{92396B09-B616-4A97-B67A-1544E36164C0}.Debug|Win32.ActiveCfg = Debug|Win32
		{92396B09-B616-4A97-B67A-1544E36164C0}.Debug|Win32.Build.0 = Debug|Win32
		{92396B09-B616-4A97-B67A-1544E36164C0}.Release|Win32.ActiveCfg = Release|Win32
		{92396B09-B616-4A97-B67A-1544E36164C0}.Release|Win32.Build.0 = Release|Win32
		{92396B09-B616-4A97-B67A-1544E36164C0}.好き勝手設定debug|Win32.ActiveCfg = Debug|Win32
		{92396B09-B616-4A97-B67A-1544E36164C0}.好き勝手設定release|Win32.ActiveCfg = Release|Win32
		{E1D9A7BF-A220-4DEA-A327-F4F217EEB083}.Debug|Win32.ActiveCfg = Debug|Win32
		{E1D9A7BF-A220-4DEA-A327-F4F217EEB083}.Debug|Win32.Build.0 = Debug|Win32
		{E1D9A7BF-A220-4DEA-A327-F4F217EEB083}.Release|Win32.ActiveCfg = Release|Win32
		{E1D9A7BF-A220-4DEA-A327-F4F217EEB083}.Release|Win32.Build.0 = Release|Win32
		{E1D9A7BF-A220-4DEA-A327-F4F217EEB083}.好き勝手設定debug|Win32.ActiveCfg = Debug|Win32
		{E1D9A7BF-A220-4DEA-A327-F4F217EEB083}.好き勝手設定release|Win32.ActiveCfg = Release|Win32
		{0E06C7C3-795C-4856-AEB2-77CA96976299}.Debug|Win32.ActiveCfg = Debug|Win32
		{0E06C7C3-795C-4856-AEB2-77CA96976299}.Debug|Win32.Build.0 = Debug|Win32
		{0E06C7C3-795C-4856-AEB2-77CA96976299}.Release|Win32.ActiveCfg = Release|Win32
		{0E06C7C3-795C-4856-AEB2-77CA96976299}.Release|Win32.Build.0 = Release|Win32
		{0E06C7C3-795C-4856-AEB2-77CA96976299}.好き勝手設定debug|Win32.ActiveCfg = Debug|Win32
		{0E06C7C3-795C-4856-AEB2-77CA96976299}.好き勝手設定release|Win32.ActiveCfg = Release|Win32
		{BCDC0C40-8494-4700-95B1-63032318F000}.Debug|Win32.ActiveCfg = Debug|Win32
		{BCDC0C40-8494-4700-95B1-63032318F000}.Debug|Win32.Build.0 = Debug|Win32
		{BCDC0C40-8494-4700-95B1-63032318F000}.Release|Win32.ActiveCfg = Release|Win32
		{BCDC0C40-8494-4700-95B1-63032318F000}.Release|Win32.Build.0 = Release|Win32
		{BCDC0C40-8494-4700-95B1-63032318F000}.好き勝手設定debug|Win32.ActiveCfg = Debug|Win32
		{BCDC0C40-8494-4700-95B1-63032318F000}.好き勝手設定release|Win32.ActiveCfg = Release|Win32
		{BCD9B71E-65D3-4E17-89C6-DED23F1724A5}.Debug|Win32.ActiveCfg = Debug|Win32
		{BCD9B71E-65D3-4E17-89C6-DED23F1724A5}.Debug|Win32.Build.0 = Debug|Win32
		{BCD9B71E-65D3-4E17-89C6-DED23F1724A5}.Release|Win32.ActiveCfg = Release|Win32
		{BCD9B71E-65D3-4E17-89C6-DED23F1724A5}.Release|Win32.Build.0 = Release|Win32
		{BCD9B71E-65D3-4E17-89C6-DED23F1724A5}.好き勝手設定debug|Win32.ActiveCfg = Debug|Win32
		{BCD9B71E-65D3-4E17-89C6-DED23F1724A5}.好き勝手設定debug|Win32.Build.0 = Debug|Win32
		{BCD9B71E-65D3-4E17-89C6-DED23F1724A5}.好き勝手設定release|Win32.ActiveCfg = Release|Win32
		{BCD9B71E-65D3-4E17-89C6-DED23F1724A5}.好き勝手設定release|Win32.Build.0 = Release|Win32
		{8A0D95C1-C157-4CC6-81F1-1A06A25ABAD6}.Debug|Win32.ActiveCfg = Debug|Win32
		{8A0D95C1-C157-4CC6-81F1-1A06A25ABAD6}.Debug|Win32.Build.0 = Debug|Win32
		{8A0D95C1-C157-4CC6-81F1-1A06A25ABAD6}.Release|Win32.ActiveCfg = Release|Win32
		{8A0D95C1-C157-4CC6-81F1-1A06A25ABAD6}.Release|Win32.Build.0 = Release|Win32
		{8A0D95C1-C157-4CC6-81F1-1A06A25ABAD6}.好き勝手設定debug|Win32.ActiveCfg = Debug|Win32
		{8A0D95C1-C157-4CC6-81F1-1A06A25ABAD6}.好き勝手設定debug|Win32.Build.0 = Debug|Win32
		{8A0D95C1-C157-4CC6-81F1-1A06A25ABAD6}.好き勝手設定release|Win32.ActiveCfg = Release|Win32
		{8A0D95C1-C157-4CC6-81F1-1A06A25ABAD6}.好き勝手設定release|Win32.Build.0 = Release|Win32
		{19885B5A-CB29-4639-9EDD-586C98AC2256}.Debug|Win32.ActiveCfg = Debug|Win32
		{19885B5A-CB29-4639-9EDD-586C98AC2256}.Debug|Win32.Build.0 = Debug|Win32
		{19885B5A-CB29-4639-9EDD-586C98AC2256}.Release|Win32.ActiveCfg = Release|Win32
		{19885B5A-CB29-4639-9EDD-586C98AC2256}.Release|Win32.Build.0 = Release|Win32
		{19885B5A-CB29-4639-9EDD-586C98AC2256}.好き勝手設定debug|Win32.ActiveCfg = Debug|Win32
		{19885B5A-CB29-4639-9EDD-586C98AC2256}.好き勝手設定debug|Win32.Build.0 = Debug|Win32
		{19885B5A-CB29-4639-9EDD-586C98AC2256}.好き勝手設定release|Win32.ActiveCfg = Release|Win32
		{19885B5A-CB29-4639-9EDD-586C98AC2256}.好き勝手設定release|Win32.Build.0 = Release|Win32
		{DE726979-31CA-4851-99D3-8D5C9E722D66}.Debug|Win32.ActiveCfg = Debug|Win32
		{DE726979-31CA-4851-99D3-8D5C9E722D66}.Debug|Win32.Build.0 = Debug|Win32
		{DE726979-31CA-4851-99D3-8D5C9E722D66}.Release|Win32.ActiveCfg = Release|Win32
		{DE726979-31CA-4851-99D3-8D5C9E722D66}.Release|Win32.Build.0 = Release|Win32
		{DE726979-31CA-4851-99D3-8D5C9E722D66}.好き勝手設定debug|Win32.ActiveCfg = Debug|Win32
		{DE726979-31CA-4851-99D3-8D5C9E722D66}.好き勝手設定debug|Win32.Build.0 = Debug|Win32
		{DE726979-31CA-4851-99D3-8D5C9E722D66}.好き勝手設定release|Win32.ActiveCfg = Release|Win32
		{DE726979-31CA-4851-99D3-8D5C9E722D66}.好き勝手設定release|Win32.Build.0 = Release|Win32
		{0E1BD625-E36E-4438-B3BF-B6DA9FB1B8AA}.Debug|Win32.ActiveCfg = Debug|Win32
		{0E1BD625-E36E-4438-B3BF-B6DA9FB1B8AA}.Debug|Win32.Build.0 = Debug|Win32
		{0E1BD625-E36E-4438-B3BF-B6DA9FB1B8AA}.Release|Win32.ActiveCfg = Release|Win32
		{0E1BD625-E36E-4438-B3BF-B6DA9FB1B8AA}.Release|Win32.Build.0 = Release|Win32
		{0E1BD625-E36E-4438-B3BF-B6DA9FB1B8AA}.好き勝手設定debug|Win32.ActiveCfg = Debug|Win32
		{0E1BD625-E36E-4438-B3BF-B6DA9FB1B8AA}.好き勝手設定debug|Win32.Build.0 = Debug|Win32
		{0E1BD625-E36E-4438-B3BF-B6DA9FB1B8AA}.好き勝手設定release|Win32.ActiveCfg = Release|Win32
		{0E1BD625-E36E-4438-B3BF-B6DA9FB1B8AA}.好き勝手設定release|Win32.Build.0 = Release|Win32
		{DABEA2A8-72AD-4532-82F3-C40BBED02FDF}.Debug|Win32.ActiveCfg = Debug|Win32
		{DABEA2A8-72AD-4532-82F3-C40BBED02FDF}.Debug|Win32.Build.0 = Debug|Win32
		{DABEA2A8-72AD-4532-82F3-C40BBED02FDF}.Release|Win32.ActiveCfg = Release|Win32
		{DABEA2A8-72AD-4532-82F3-C40BBED02FDF}.Release|Win32.Build.0 = Release|Win32
		{DABEA2A8-72AD-4532-82F3-C40BBED02FDF}.好き勝手設定debug|Win32.ActiveCfg = Debug|Win32
		{DABEA2A8-72AD-4532-82F3-C40BBED02FDF}.好き勝手設定debug|Win32.Build.0 = Debug|Win32
		{DABEA2A8-72AD-4532-82F3-C40BBED02FDF}.好き勝手設定release|Win32.ActiveCfg = Release|Win32
		{DABEA2A8-72AD-4532-82F3-C40BBED02FDF}.好き勝手設定release|Win32.Build.0 = Release|Win32
		{A2A9C0FE-4050-4AF7-AA97-B14F96B7D83F}.Debug|Win32.ActiveCfg = Debug|Win32
		{A2A9C0FE-4050-4AF7-AA97-B14F96B7D83F}.Debug|Win32.Build.0 = Debug|Win32
		{A2A9C0FE-4050-4AF7-AA97-B14F96B7D83F}.Release|Win32.ActiveCfg = Release|Win32
		{A2A9C0FE-4050-4AF7-AA97-B14F96B7D83F}.Release|Win32.Build.0 = Release|Win32
		{A2A9C0FE-4050-4AF7-AA97-B14F96B7D83F}.好き勝手設定debug|Win32.ActiveCfg = Debug|Win32
		{A2A9C0FE-4050-4AF7-AA97-B14F96B7D83F}.好き勝手設定release|Win32.ActiveCfg = Release|Win32
		{C186C6BD-962A-4EFC-9B2D-96A717AB0FCD}.Debug|Win32.ActiveCfg = Debug|Win32
		{C186C6BD-962A-4EFC-9B2D-96A717AB0FCD}.Debug|Win32.Build.0 = Debug|Win32
		{C186C6BD-962A-4EFC-9B2D-96A717AB0FCD}.Release|Win32.ActiveCfg = Release|Win32
		{C186C6BD-962A-4EFC-9B2D-96A717AB0FCD}.Release|Win32.Build.0 = Release|Win32
		{C186C6BD-962A-4EFC-9B2D-96A717AB0FCD}.好き勝手設定debug|Win32.ActiveCfg = Debug|Win32
		{C186C6BD-962A-4EFC-9B2D-96A717AB0FCD}.好き勝手設定release|Win32.ActiveCfg = Release|Win32
		{573BDC7B-EB4E-4105-8B48-A0C05D08A90A}.Debug|Win32.ActiveCfg = Debug|Win32
		{573BDC7B-EB4E-4105-8B48-A0C05D08A90A}.Debug|Win32.Build.0 = Debug|Win32
		{573BDC7B-EB4E-4105-8B48-A0C05D08A90A}.Release|Win32.ActiveCfg = Release|Win32
		{573BDC7B-EB4E-4105-8B48-A0C05D08A90A}.Release|Win32.Build.0 = Release|Win32
		{573BDC7B-EB4E-4105-8B48-A0C05D08A90A}.好き勝手設定debug|Win32.ActiveCfg = Debug|Win32
		{573BDC7B-EB4E-4105-8B48-A0C05D08A90A}.好き勝手設定debug|Win32.Build.0 = Debug|Win32
		{573BDC7B-EB4E-4105-8B48-A0C05D08A90A}.好き勝手設定release|Win32.ActiveCfg = Release|Win32
		{573BDC7B-EB4E-4105-8B48-A0C05D08A90A}.好き勝手設定release|Win32.Build.0 = Release|Win32
		{69A1ED4E-D745-4000-9381-27B1A6FF34B2}.Debug|Win32.ActiveCfg = Debug|Win32
		{69A1ED4E-D745-4000-9381-27B1A6FF34B2}.Debug|Win32.Build.0 = Debug|Win32
		{69A1ED4E-D745-4000-9381-27B1A6FF34B2}.Release|Win32.ActiveCfg = Release|Win32
		{69A1ED4E-D745-4000-9381-27B1A6FF34B2}.Release|Win32.Build.0 = Release|Win32
		{69A1ED4E-D745-4000-9381-27B1A6FF34B2}.好き勝手設定debug|Win32.ActiveCfg = Debug|Win32
		{69A1ED4E-D745-4000-9381-27B1A6FF34B2}.好き勝手設定release|Win32.ActiveCfg = Release|Win32
		{4AA3B366-930F-43CF-99D3-3DCE5AF74767}.Debug|Win32.ActiveCfg = Debug|Win32
		{4AA3B366-930F-43CF-99D3-3DCE5AF74767}.Debug|Win32.Build.0 = Debug|Win32
		{4AA3B366-930F-43CF-99D3-3DCE5AF74767}.Release|Win32.ActiveCfg = Release|Win32
		{4AA3B366-930F-43CF-99D3-3DCE5AF74767}.Release|Win32.Build.0 = Release|Win32
		{4AA3B366-930F-43CF-99D3-3DCE5AF74767}.好き勝手設定debug|Win32.ActiveCfg = Debug|Win32
		{4AA3B366-930F-43CF-99D3-3DCE5AF74767}.好き勝手設定debug|Win32.Build.0 = Debug|Win32
		{4AA3B366-930F-43CF-99D3-3DCE5AF74767}.好き勝手設定release|Win32.ActiveCfg = Release|Win32
		{4AA3B366-930F-43CF-99D3-3DCE5AF74767}.好き勝手設定release|Win32.Build.0 = Release|Win32
		{2B0C20AF-2F03-4319-8738-8776E1DBABF2}.Debug|Win32.ActiveCfg = Debug|Win32
		{2B0C20AF-2F03-4319-8738-8776E1DBABF2}.Debug|Win32.Build.0 = Debug|Win32
		{2B0C20AF-2F03-4319-8738-8776E1DBABF2}.Release|Win32.ActiveCfg = Release|Win32
		{2B0C20AF-2F03-4319-8738-8776E1DBABF2}.Release|Win32.Build.0 = Release|Win32
		{2B0C20AF-2F03-4319-8738-8776E1DBABF2}.好き勝手設定debug|Win32.ActiveCfg = Debug|Win32
		{2B0C20AF-2F03-4319-8738-8776E1DBABF2}.好き勝手設定release|Win32.ActiveCfg = Release|Win32
		{6900D515-996A-404A-86BD-C5E31318B5AD}.Debug|Win32.ActiveCfg = Debug|Win32
		{6900D515-996A-404A-86BD-C5E31318B5AD}.Debug|Win32.Build.0 = Debug|Win32
		{6900D515-996A-404A-86BD-C5E31318B5AD}.Release|Win32.ActiveCfg = Release|Win32
		{6900D515-996A-404A-86BD-C5E31318B5AD}.Release|Win32.Build.0 = Release|Win32
		{6900D515-996A-404A-86BD-C5E31318B5AD}.好き勝手設定debug|Win32.ActiveCfg = Debug|Win32
		{6900D515-996A-404A-86BD-C5E31318B5AD}.好き勝手設定debug|Win32.Build.0 = Debug|Win32
		{6900D515-996A-404A-86BD-C5E31318B5AD}.好き勝手設定release|Win32.ActiveCfg = Release|Win32
		{6900D515-996A-404A-86BD-C5E31318B5AD}.好き勝手設定release|Win32.Build.0 = Release|Win32
		{D4A49B80-A95B-4F27-9766-5505B0CFBF25}.Debug|Win32.ActiveCfg = Debug|Win32
		{D4A49B80-A95B-4F27-9766-5505B0CFBF25}.Debug|Win32.Build.0 = Debug|Win32
		{D4A49B80-A95B-4F27-9766-5505B0CFBF25}.Release|Win32.ActiveCfg = Release|Win32
		{D4A49B80-A95B-4F27-9766-5505B0CFBF25}.Release|Win32.Build.0 = Release|Win32
		{D4A49B80-A95B-4F27-9766-5505B0CFBF25}.好き勝手設定debug|Win32.ActiveCfg = Debug|Win32
		{D4A49B80-A95B-4F27-9766-5505B0CFBF25}.好き勝手設定debug|Win32.Build.0 = Debug|Win32
		{D4A49B80-A95B-4F27-9766-5505B0CFBF25}.好き勝手設定release|Win32.ActiveCfg = Release|Win32
		{D4A49B80-A95B-4F27-9766-5505B0CFBF25}.好き勝手設定release|Win32.Build.0 = Release|Win32
		{A4708D6B-FD06-41EF-A143-D1FBBA1C767F}.Debug|Win32.ActiveCfg = Debug|Win32
		{A4708D6B-FD06-41EF-A143-D1FBBA1C767F}.Debug|Win32.Build.0 = Debug|Win32
		{A4708D6B-FD06-41EF-A143-D1FBBA1C767F}.Release|Win32.ActiveCfg = Release|Win32
		{A4708D6B-FD06-41EF-A143-D1FBBA1C767F}.Release|Win32.Build.0 = Release|Win32
		{A4708D6B-FD06-41EF-A143-D1FBBA1C767F}.好き勝手設定debug|Win32.ActiveCfg = Debug|Win32
		{A4708D6B-FD06-41EF-A143-D1FBBA1C767F}.好き勝手設定release|Win32.ActiveCfg = Release|Win32
		{DA9E1BB8-AEDA-4D71-BA01-2F1219E6FDFA}.Debug|Win32.ActiveCfg = Debug|Win32
		{DA9E1BB8-AEDA-4D71-BA01-2F1219E6FDFA}.Debug|Win32.Build.0 = Debug|Win32
		{DA9E1BB8-AEDA-4D71-BA01-2F1219E6FDFA}.Release|Win32.ActiveCfg = Release|Win32
		{DA9E1BB8-AEDA-4D71-BA01-2F1219E6FDFA}.Release|Win32.Build.0 = Release|Win32
		{DA9E1BB8-AEDA-4D71-BA01-2F1219E6FDFA}.好き勝手設定debug|Win32.ActiveCfg = Debug|Win32
		{DA9E1BB8-AEDA-4D71-BA01-2F1219E6FDFA}.好き勝手設定release|Win32.ActiveCfg = Release|Win32
	EndGlobalSection
	GlobalSection(SolutionProperties) = preSolution
		HideSolutionNode = FALSE
	EndGlobalSection
EndGlobal
